
Microsoft Visual Studio Solution File, Format Version 12.00
# Visual Studio Version 17
VisualStudioVersion = 17.1.32328.378
MinimumVisualStudioVersion = 10.0.40219.1
Project("{FAE04EC0-301F-11D3-BF4B-00C04F79EFBC}") = "task34", "task34\task34.csproj", "{42291967-6FD5-4CDA-AA7A-FF6E866B491B}"
EndProject
Global
	GlobalSection(SolutionConfigurationPlatforms) = preSolution
		Debug|Any CPU = Debug|Any CPU
		Release|Any CPU = Release|Any CPU
	EndGlobalSection
	GlobalSection(ProjectConfigurationPlatforms) = postSolution
		{42291967-6FD5-4CDA-AA7A-FF6E866B491B}.Debug|Any CPU.ActiveCfg = Debug|Any CPU
		{42291967-6FD5-4CDA-AA7A-FF6E866B491B}.Debug|Any CPU.Build.0 = Debug|Any CPU
		{42291967-6FD5-4CDA-AA7A-FF6E866B491B}.Release|Any CPU.ActiveCfg = Release|Any CPU
		{42291967-6FD5-4CDA-AA7A-FF6E866B491B}.Release|Any CPU.Build.0 = Release|Any CPU
	EndGlobalSection
	GlobalSection(SolutionProperties) = preSolution
		HideSolutionNode = FALSE
	EndGlobalSection
	GlobalSection(ExtensibilityGlobals) = postSolution
		SolutionGuid = {BD2315C6-03E5-47DA-83CB-AB48110143E1}
	EndGlobalSection
EndGlobal
